
Microsoft Visual Studio Solution File, Format Version 12.00
# Visual Studio Version 16
VisualStudioVersion = 16.0.30105.148
MinimumVisualStudioVersion = 10.0.40219.1
Project("{FAE04EC0-301F-11D3-BF4B-00C04F79EFBC}") = "ColumnSpecParsingExample", "ColumnSpecParsingExample\ColumnSpecParsingExample.csproj", "{AE638772-A128-40D3-BF2D-CDC0640910F1}"
EndProject
Project("{FAE04EC0-301F-11D3-BF4B-00C04F79EFBC}") = "ColumnSpecParsingExample.Tests", "ColumnSpecParsingExample.Tests\ColumnSpecParsingExample.Tests.csproj", "{B73424E7-1190-436A-94E1-4A0B87E8F9BC}"
EndProject
Global
	GlobalSection(SolutionConfigurationPlatforms) = preSolution
		Debug|Any CPU = Debug|Any CPU
		Release|Any CPU = Release|Any CPU
	EndGlobalSection
	GlobalSection(ProjectConfigurationPlatforms) = postSolution
		{AE638772-A128-40D3-BF2D-CDC0640910F1}.Debug|Any CPU.ActiveCfg = Debug|Any CPU
		{AE638772-A128-40D3-BF2D-CDC0640910F1}.Debug|Any CPU.Build.0 = Debug|Any CPU
		{AE638772-A128-40D3-BF2D-CDC0640910F1}.Release|Any CPU.ActiveCfg = Release|Any CPU
		{AE638772-A128-40D3-BF2D-CDC0640910F1}.Release|Any CPU.Build.0 = Release|Any CPU
		{B73424E7-1190-436A-94E1-4A0B87E8F9BC}.Debug|Any CPU.ActiveCfg = Debug|Any CPU
		{B73424E7-1190-436A-94E1-4A0B87E8F9BC}.Debug|Any CPU.Build.0 = Debug|Any CPU
		{B73424E7-1190-436A-94E1-4A0B87E8F9BC}.Release|Any CPU.ActiveCfg = Release|Any CPU
		{B73424E7-1190-436A-94E1-4A0B87E8F9BC}.Release|Any CPU.Build.0 = Release|Any CPU
	EndGlobalSection
	GlobalSection(SolutionProperties) = preSolution
		HideSolutionNode = FALSE
	EndGlobalSection
	GlobalSection(ExtensibilityGlobals) = postSolution
		SolutionGuid = {98F0B916-39CB-4577-BCE4-243FC9D44C64}
	EndGlobalSection
EndGlobal
